{
    "name": "armagan-basit-altyapi",
    "version": "1.7.1",
    "lockfileVersion": 2,
    "requires": true,
    "packages": {
        "": {
            "name": "armagan-basit-altyapi",
            "version": "1.7.1",
            "license": "GPL-v3-or-later",
            "dependencies": {
                "chalk": "^4.1.1",
                "chillout": "^5.0.0",
                "discord-together": "^1.2.0",
                "discord.js": "^13.1.0",
                "enquirer": "^2.3.6",
                "plsargs": "^0.1.6",
                "recursive-readdir": "^2.2.2",
                "stuffs": "^0.1.4"
            },
            "devDependencies": {
                "@types/chalk": "^2.2.0",
                "@types/node": "^15.12.2",
                "@types/recursive-readdir": "^2.2.0"
            },
            "engines": {
                "node": "^16.6.1"
            }
        },
        "node_modules/@discordjs/builders": {
            "version": "0.5.0",
            "resolved": "https://registry.npmjs.org/@discordjs/builders/-/builders-0.5.0.tgz",
            "integrity": "sha512-HP5y4Rqw68o61Qv4qM5tVmDbWi4mdTFftqIOGRo33SNPpLJ1Ga3KEIR2ibKofkmsoQhEpLmopD1AZDs3cKpHuw==",
            "dependencies": {
                "@sindresorhus/is": "^4.0.1",
                "discord-api-types": "^0.22.0",
                "ow": "^0.27.0",
                "ts-mixer": "^6.0.0",
                "tslib": "^2.3.0"
            },
            "engines": {
                "node": ">=14.0.0",
                "npm": ">=7.0.0"
            }
        },
        "node_modules/@discordjs/collection": {
            "version": "0.2.1",
            "resolved": "https://registry.npmjs.org/@discordjs/collection/-/collection-0.2.1.tgz",
            "integrity": "sha512-vhxqzzM8gkomw0TYRF3tgx7SwElzUlXT/Aa41O7mOcyN6wIJfj5JmDWaO5XGKsGSsNx7F3i5oIlrucCCWV1Nog==",
            "engines": {
                "node": ">=14.0.0"
            }
        },
        "node_modules/@discordjs/form-data": {
            "version": "3.0.1",
            "resolved": "https://registry.npmjs.org/@discordjs/form-data/-/form-data-3.0.1.tgz",
            "integrity": "sha512-ZfFsbgEXW71Rw/6EtBdrP5VxBJy4dthyC0tpQKGKmYFImlmmrykO14Za+BiIVduwjte0jXEBlhSKf0MWbFp9Eg==",
            "dependencies": {
                "asynckit": "^0.4.0",
                "combined-stream": "^1.0.8",
                "mime-types": "^2.1.12"
            },
            "engines": {
                "node": ">= 6"
            }
        },
        "node_modules/@sapphire/async-queue": {
            "version": "1.1.4",
            "resolved": "https://registry.npmjs.org/@sapphire/async-queue/-/async-queue-1.1.4.tgz",
            "integrity": "sha512-fFrlF/uWpGOX5djw5Mu2Hnnrunao75WGey0sP0J3jnhmrJ5TAPzHYOmytD5iN/+pMxS+f+u/gezqHa9tPhRHEA==",
            "engines": {
                "node": ">=14",
                "npm": ">=6"
            }
        },
        "node_modules/@sindresorhus/is": {
            "version": "4.2.0",
            "resolved": "https://registry.npmjs.org/@sindresorhus/is/-/is-4.2.0.tgz",
            "integrity": "sha512-VkE3KLBmJwcCaVARtQpfuKcKv8gcBmUubrfHGF84dXuuW6jgsRYxPtzcIhPyK9WAPpRt2/xY6zkD9MnRaJzSyw==",
            "engines": {
                "node": ">=10"
            },
            "funding": {
                "url": "https://github.com/sindresorhus/is?sponsor=1"
            }
        },
        "node_modules/@types/chalk": {
            "version": "2.2.0",
            "resolved": "https://registry.npmjs.org/@types/chalk/-/chalk-2.2.0.tgz",
            "integrity": "sha512-1zzPV9FDe1I/WHhRkf9SNgqtRJWZqrBWgu7JGveuHmmyR9CnAPCie2N/x+iHrgnpYBIcCJWHBoMRv2TRWktsvw==",
            "deprecated": "This is a stub types definition for chalk (https://github.com/chalk/chalk). chalk provides its own type definitions, so you don't need @types/chalk installed!",
            "dev": true,
            "dependencies": {
                "chalk": "*"
            }
        },
        "node_modules/@types/node": {
            "version": "15.14.9",
            "resolved": "https://registry.npmjs.org/@types/node/-/node-15.14.9.tgz",
            "integrity": "sha512-qjd88DrCxupx/kJD5yQgZdcYKZKSIGBVDIBE1/LTGcNm3d2Np/jxojkdePDdfnBHJc5W7vSMpbJ1aB7p/Py69A==",
            "dev": true
        },
        "node_modules/@types/recursive-readdir": {
            "version": "2.2.0",
            "resolved": "https://registry.npmjs.org/@types/recursive-readdir/-/recursive-readdir-2.2.0.tgz",
            "integrity": "sha512-HGk753KRu2N4mWduovY4BLjYq4jTOL29gV2OfGdGxHcPSWGFkC5RRIdk+VTs5XmYd7MVAD+JwKrcb5+5Y7FOCg==",
            "dev": true,
            "dependencies": {
                "@types/node": "*"
            }
        },
        "node_modules/@types/recursive-readdir/node_modules/@types/node": {
            "version": "16.9.2",
            "resolved": "https://registry.npmjs.org/@types/node/-/node-16.9.2.tgz",
            "integrity": "sha512-ZHty/hKoOLZvSz6BtP1g7tc7nUeJhoCf3flLjh8ZEv1vFKBWHXcnMbJMyN/pftSljNyy0kNW/UqI3DccnBnZ8w==",
            "dev": true
        },
        "node_modules/@types/ws": {
            "version": "7.4.7",
            "resolved": "https://registry.npmjs.org/@types/ws/-/ws-7.4.7.tgz",
            "integrity": "sha512-JQbbmxZTZehdc2iszGKs5oC3NFnjeay7mtAWrdt7qNtAVK0g19muApzAy4bm9byz79xa2ZnO/BOBC2R8RC5Lww==",
            "dependencies": {
                "@types/node": "*"
            }
        },
        "node_modules/@types/ws/node_modules/@types/node": {
            "version": "16.9.2",
            "resolved": "https://registry.npmjs.org/@types/node/-/node-16.9.2.tgz",
            "integrity": "sha512-ZHty/hKoOLZvSz6BtP1g7tc7nUeJhoCf3flLjh8ZEv1vFKBWHXcnMbJMyN/pftSljNyy0kNW/UqI3DccnBnZ8w=="
        },
        "node_modules/ansi-colors": {
            "version": "4.1.1",
            "resolved": "https://registry.npmjs.org/ansi-colors/-/ansi-colors-4.1.1.tgz",
            "integrity": "sha512-JoX0apGbHaUJBNl6yF+p6JAFYZ666/hhCGKN5t9QFjbJQKUU/g8MNbFDbvfrgKXvI1QpZplPOnwIo99lX/AAmA==",
            "engines": {
                "node": ">=6"
            }
        },
        "node_modules/ansi-styles": {
            "version": "4.3.0",
            "resolved": "https://registry.npmjs.org/ansi-styles/-/ansi-styles-4.3.0.tgz",
            "integrity": "sha512-zbB9rCJAT1rbjiVDb2hqKFHNYLxgtk8NURxZ3IZwD3F6NtxbXZQCnnSi1Lkx+IDohdPlFp222wVALIheZJQSEg==",
            "dependencies": {
                "color-convert": "^2.0.1"
            },
            "engines": {
                "node": ">=8"
            },
            "funding": {
                "url": "https://github.com/chalk/ansi-styles?sponsor=1"
            }
        },
        "node_modules/asynckit": {
            "version": "0.4.0",
            "resolved": "https://registry.npmjs.org/asynckit/-/asynckit-0.4.0.tgz",
            "integrity": "sha1-x57Zf380y48robyXkLzDZkdLS3k="
        },
        "node_modules/balanced-match": {
            "version": "1.0.2",
            "resolved": "https://registry.npmjs.org/balanced-match/-/balanced-match-1.0.2.tgz",
            "integrity": "sha512-3oSeUO0TMV67hN1AmbXsK4yaqU7tjiHlbxRDZOpH0KW9+CeX4bRAaX0Anxt0tx2MrpRpWwQaPwIlISEJhYU5Pw=="
        },
        "node_modules/brace-expansion": {
            "version": "1.1.11",
            "resolved": "https://registry.npmjs.org/brace-expansion/-/brace-expansion-1.1.11.tgz",
            "integrity": "sha512-iCuPHDFgrHX7H2vEI/5xpz07zSHB00TpugqhmYtVmMO6518mCuRMoOYFldEBl0g187ufozdaHgWKcYFb61qGiA==",
            "dependencies": {
                "balanced-match": "^1.0.0",
                "concat-map": "0.0.1"
            }
        },
        "node_modules/callsites": {
            "version": "3.1.0",
            "resolved": "https://registry.npmjs.org/callsites/-/callsites-3.1.0.tgz",
            "integrity": "sha512-P8BjAsXvZS+VIDUI11hHCQEv74YT67YUi5JJFNWIqL235sBmjX4+qx9Muvls5ivyNENctx46xQLQ3aTuE7ssaQ==",
            "engines": {
                "node": ">=6"
            }
        },
        "node_modules/camel-case": {
            "version": "4.1.2",
            "resolved": "https://registry.npmjs.org/camel-case/-/camel-case-4.1.2.tgz",
            "integrity": "sha512-gxGWBrTT1JuMx6R+o5PTXMmUnhnVzLQ9SNutD4YqKtI6ap897t3tKECYla6gCWEkplXnlNybEkZg9GEGxKFCgw==",
            "dependencies": {
                "pascal-case": "^3.1.2",
                "tslib": "^2.0.3"
            }
        },
        "node_modules/chalk": {
            "version": "4.1.2",
            "resolved": "https://registry.npmjs.org/chalk/-/chalk-4.1.2.tgz",
            "integrity": "sha512-oKnbhFyRIXpUuez8iBMmyEa4nbj4IOQyuhc/wy9kY7/WVPcwIO9VA668Pu8RkO7+0G76SLROeyw9CpQ061i4mA==",
            "dependencies": {
                "ansi-styles": "^4.1.0",
                "supports-color": "^7.1.0"
            },
            "engines": {
                "node": ">=10"
            },
            "funding": {
                "url": "https://github.com/chalk/chalk?sponsor=1"
            }
        },
        "node_modules/chillout": {
            "version": "5.0.0",
            "resolved": "https://registry.npmjs.org/chillout/-/chillout-5.0.0.tgz",
            "integrity": "sha512-xCyFUOrkOVBSaZ1pKXUZcrKhMsPkWh4jWPa9rp4zE+wHE5h4NTO7z8K5rLhV989dtQatDOoMhTe9Vi2S96QEhQ==",
            "engines": {
                "node": ">=8.10.0"
            }
        },
        "node_modules/color-convert": {
            "version": "2.0.1",
            "resolved": "https://registry.npmjs.org/color-convert/-/color-convert-2.0.1.tgz",
            "integrity": "sha512-RRECPsj7iu/xb5oKYcsFHSppFNnsj/52OVTRKb4zP5onXwVF3zVmmToNcOfGC+CRDpfK/U584fMg38ZHCaElKQ==",
            "dependencies": {
                "color-name": "~1.1.4"
            },
            "engines": {
                "node": ">=7.0.0"
            }
        },
        "node_modules/color-name": {
            "version": "1.1.4",
            "resolved": "https://registry.npmjs.org/color-name/-/color-name-1.1.4.tgz",
            "integrity": "sha512-dOy+3AuW3a2wNbZHIuMZpTcgjGuLU/uBL/ubcZF9OXbDo8ff4O8yVp5Bf0efS8uEoYo5q4Fx7dY9OgQGXgAsQA=="
        },
        "node_modules/combined-stream": {
            "version": "1.0.8",
            "resolved": "https://registry.npmjs.org/combined-stream/-/combined-stream-1.0.8.tgz",
            "integrity": "sha512-FQN4MRfuJeHf7cBbBMJFXhKSDq+2kAArBlmRBvcvFE5BB1HZKXtSFASDhdlz9zOYwxh8lDdnvmMOe/+5cdoEdg==",
            "dependencies": {
                "delayed-stream": "~1.0.0"
            },
            "engines": {
                "node": ">= 0.8"
            }
        },
        "node_modules/concat-map": {
            "version": "0.0.1",
            "resolved": "https://registry.npmjs.org/concat-map/-/concat-map-0.0.1.tgz",
            "integrity": "sha1-2Klr13/Wjfd5OnMDajug1UBdR3s="
        },
        "node_modules/delayed-stream": {
            "version": "1.0.0",
            "resolved": "https://registry.npmjs.org/delayed-stream/-/delayed-stream-1.0.0.tgz",
            "integrity": "sha1-3zrhmayt+31ECqrgsp4icrJOxhk=",
            "engines": {
                "node": ">=0.4.0"
            }
        },
        "node_modules/discord-api-types": {
            "version": "0.22.0",
            "resolved": "https://registry.npmjs.org/discord-api-types/-/discord-api-types-0.22.0.tgz",
            "integrity": "sha512-l8yD/2zRbZItUQpy7ZxBJwaLX/Bs2TGaCthRppk8Sw24LOIWg12t9JEreezPoYD0SQcC2htNNo27kYEpYW/Srg==",
            "engines": {
                "node": ">=12"
            }
        },
        "node_modules/discord-together": {
            "version": "1.2.0",
            "resolved": "https://registry.npmjs.org/discord-together/-/discord-together-1.2.0.tgz",
            "integrity": "sha512-L1G20599PxkaGv7QQ6KGF1GVCdcAZ0FE6ua0E1CPuoXbYLT+gLLuZKRC9ysw4+ygNKCy9RNn7fonydmJxq00Yw==",
            "dependencies": {
                "discord.js": "^13.1.0",
                "node-fetch": "^2.6.1"
            }
        },
        "node_modules/discord.js": {
            "version": "13.1.0",
            "resolved": "https://registry.npmjs.org/discord.js/-/discord.js-13.1.0.tgz",
            "integrity": "sha512-gxO4CXKdHpqA+WKG+f5RNnd3srTDj5uFJHgOathksDE90YNq/Qijkd2WlMgTTMS6AJoEnHxI7G9eDQHCuZ+xDA==",
            "dependencies": {
                "@discordjs/builders": "^0.5.0",
                "@discordjs/collection": "^0.2.1",
                "@discordjs/form-data": "^3.0.1",
                "@sapphire/async-queue": "^1.1.4",
                "@types/ws": "^7.4.7",
                "discord-api-types": "^0.22.0",
                "node-fetch": "^2.6.1",
                "ws": "^7.5.1"
            },
            "engines": {
                "node": ">=16.6.0",
                "npm": ">=7.0.0"
            }
        },
        "node_modules/dot-prop": {
            "version": "6.0.1",
            "resolved": "https://registry.npmjs.org/dot-prop/-/dot-prop-6.0.1.tgz",
            "integrity": "sha512-tE7ztYzXHIeyvc7N+hR3oi7FIbf/NIjVP9hmAt3yMXzrQ072/fpjGLx2GxNxGxUl5V73MEqYzioOMoVhGMJ5cA==",
            "dependencies": {
                "is-obj": "^2.0.0"
            },
            "engines": {
                "node": ">=10"
            },
            "funding": {
                "url": "https://github.com/sponsors/sindresorhus"
            }
        },
        "node_modules/enquirer": {
            "version": "2.3.6",
            "resolved": "https://registry.npmjs.org/enquirer/-/enquirer-2.3.6.tgz",
            "integrity": "sha512-yjNnPr315/FjS4zIsUxYguYUPP2e1NK4d7E7ZOLiyYCcbFBiTMyID+2wvm2w6+pZ/odMA7cRkjhsPbltwBOrLg==",
            "dependencies": {
                "ansi-colors": "^4.1.1"
            },
            "engines": {
                "node": ">=8.6"
            }
        },
        "node_modules/has-flag": {
            "version": "4.0.0",
            "resolved": "https://registry.npmjs.org/has-flag/-/has-flag-4.0.0.tgz",
            "integrity": "sha512-EykJT/Q1KjTWctppgIAgfSO0tKVuZUjhgMr17kqTumMl6Afv3EISleU7qZUzoXDFTAHTDC4NOoG/ZxU3EvlMPQ==",
            "engines": {
                "node": ">=8"
            }
        },
        "node_modules/is-obj": {
            "version": "2.0.0",
            "resolved": "https://registry.npmjs.org/is-obj/-/is-obj-2.0.0.tgz",
            "integrity": "sha512-drqDG3cbczxxEJRoOXcOjtdp1J/lyp1mNn0xaznRs8+muBhgQcrnbspox5X5fOw0HnMnbfDzvnEMEtqDEJEo8w==",
            "engines": {
                "node": ">=8"
            }
        },
        "node_modules/lodash.isequal": {
            "version": "4.5.0",
            "resolved": "https://registry.npmjs.org/lodash.isequal/-/lodash.isequal-4.5.0.tgz",
            "integrity": "sha1-QVxEePK8wwEgwizhDtMib30+GOA="
        },
        "node_modules/lower-case": {
            "version": "2.0.2",
            "resolved": "https://registry.npmjs.org/lower-case/-/lower-case-2.0.2.tgz",
            "integrity": "sha512-7fm3l3NAF9WfN6W3JOmf5drwpVqX78JtoGJ3A6W0a6ZnldM41w2fV5D490psKFTpMds8TJse/eHLFFsNHHjHgg==",
            "dependencies": {
                "tslib": "^2.0.3"
            }
        },
        "node_modules/mime-db": {
            "version": "1.49.0",
            "resolved": "https://registry.npmjs.org/mime-db/-/mime-db-1.49.0.tgz",
            "integrity": "sha512-CIc8j9URtOVApSFCQIF+VBkX1RwXp/oMMOrqdyXSBXq5RWNEsRfyj1kiRnQgmNXmHxPoFIxOroKA3zcU9P+nAA==",
            "engines": {
                "node": ">= 0.6"
            }
        },
        "node_modules/mime-types": {
            "version": "2.1.32",
            "resolved": "https://registry.npmjs.org/mime-types/-/mime-types-2.1.32.tgz",
            "integrity": "sha512-hJGaVS4G4c9TSMYh2n6SQAGrC4RnfU+daP8G7cSCmaqNjiOoUY0VHCMS42pxnQmVF1GWwFhbHWn3RIxCqTmZ9A==",
            "dependencies": {
                "mime-db": "1.49.0"
            },
            "engines": {
                "node": ">= 0.6"
            }
        },
        "node_modules/minimatch": {
            "version": "3.0.4",
            "resolved": "https://registry.npmjs.org/minimatch/-/minimatch-3.0.4.tgz",
            "integrity": "sha512-yJHVQEhyqPLUTgt9B83PXu6W3rx4MvvHvSUvToogpwoGDOUQ+yDrR0HRot+yOCdCO7u4hX3pWft6kWBBcqh0UA==",
            "dependencies": {
                "brace-expansion": "^1.1.7"
            },
            "engines": {
                "node": "*"
            }
        },
        "node_modules/no-case": {
            "version": "3.0.4",
            "resolved": "https://registry.npmjs.org/no-case/-/no-case-3.0.4.tgz",
            "integrity": "sha512-fgAN3jGAh+RoxUGZHTSOLJIqUc2wmoBwGR4tbpNAKmmovFoWq0OdRkb0VkldReO2a2iBT/OEulG9XSUc10r3zg==",
            "dependencies": {
                "lower-case": "^2.0.2",
                "tslib": "^2.0.3"
            }
        },
        "node_modules/node-fetch": {
            "version": "2.6.2",
            "resolved": "https://registry.npmjs.org/node-fetch/-/node-fetch-2.6.2.tgz",
            "integrity": "sha512-aLoxToI6RfZ+0NOjmWAgn9+LEd30YCkJKFSyWacNZdEKTit/ZMcKjGkTRo8uWEsnIb/hfKecNPEbln02PdWbcA==",
            "engines": {
                "node": "4.x || >=6.0.0"
            }
        },
        "node_modules/ow": {
            "version": "0.27.0",
            "resolved": "https://registry.npmjs.org/ow/-/ow-0.27.0.tgz",
            "integrity": "sha512-SGnrGUbhn4VaUGdU0EJLMwZWSupPmF46hnTRII7aCLCrqixTAC5eKo8kI4/XXf1eaaI8YEVT+3FeGNJI9himAQ==",
            "dependencies": {
                "@sindresorhus/is": "^4.0.1",
                "callsites": "^3.1.0",
                "dot-prop": "^6.0.1",
                "lodash.isequal": "^4.5.0",
                "type-fest": "^1.2.1",
                "vali-date": "^1.0.0"
            },
            "engines": {
                "node": ">=12"
            },
            "funding": {
                "url": "https://github.com/sponsors/sindresorhus"
            }
        },
        "node_modules/pascal-case": {
            "version": "3.1.2",
            "resolved": "https://registry.npmjs.org/pascal-case/-/pascal-case-3.1.2.tgz",
            "integrity": "sha512-uWlGT3YSnK9x3BQJaOdcZwrnV6hPpd8jFH1/ucpiLRPh/2zCVJKS19E4GvYHvaCcACn3foXZ0cLB9Wrx1KGe5g==",
            "dependencies": {
                "no-case": "^3.0.4",
                "tslib": "^2.0.3"
            }
        },
        "node_modules/plsargs": {
            "version": "0.1.6",
            "resolved": "https://registry.npmjs.org/plsargs/-/plsargs-0.1.6.tgz",
            "integrity": "sha512-WQz2xmuliJ8HtNsSKhEQf9dA148NZB0uWiCKKRssI24nHERXNU1kbj/wnN4JIoV1pXJe0O4mcteMy6eZczBA3A==",
            "dependencies": {
                "camel-case": "^4.1.2",
                "tslib": "^2.1.0"
            }
        },
        "node_modules/recursive-readdir": {
            "version": "2.2.2",
            "resolved": "https://registry.npmjs.org/recursive-readdir/-/recursive-readdir-2.2.2.tgz",
            "integrity": "sha512-nRCcW9Sj7NuZwa2XvH9co8NPeXUBhZP7CRKJtU+cS6PW9FpCIFoI5ib0NT1ZrbNuPoRy0ylyCaUL8Gih4LSyFg==",
            "dependencies": {
                "minimatch": "3.0.4"
            },
            "engines": {
                "node": ">=0.10.0"
            }
        },
        "node_modules/stuffs": {
            "version": "0.1.6",
            "resolved": "https://registry.npmjs.org/stuffs/-/stuffs-0.1.6.tgz",
            "integrity": "sha512-gyEa4W8+sJQW6y57BSvYPXHwYJxHfinD1oJIADk8dIKynNL9ry7ZYHeP6gp2eXqqNpBTLxO/FI53fgToIfbx8A==",
            "dependencies": {
                "stuffs": "^0.1.3"
            }
        },
        "node_modules/supports-color": {
            "version": "7.2.0",
            "resolved": "https://registry.npmjs.org/supports-color/-/supports-color-7.2.0.tgz",
            "integrity": "sha512-qpCAvRl9stuOHveKsn7HncJRvv501qIacKzQlO/+Lwxc9+0q2wLyv4Dfvt80/DPn2pqOBsJdDiogXGR9+OvwRw==",
            "dependencies": {
                "has-flag": "^4.0.0"
            },
            "engines": {
                "node": ">=8"
            }
        },
        "node_modules/ts-mixer": {
            "version": "6.0.0",
            "resolved": "https://registry.npmjs.org/ts-mixer/-/ts-mixer-6.0.0.tgz",
            "integrity": "sha512-nXIb1fvdY5CBSrDIblLn73NW0qRDk5yJ0Sk1qPBF560OdJfQp9jhl+0tzcY09OZ9U+6GpeoI9RjwoIKFIoB9MQ=="
        },
        "node_modules/tslib": {
            "version": "2.3.1",
            "resolved": "https://registry.npmjs.org/tslib/-/tslib-2.3.1.tgz",
            "integrity": "sha512-77EbyPPpMz+FRFRuAFlWMtmgUWGe9UOG2Z25NqCwiIjRhOf5iKGuzSe5P2w1laq+FkRy4p+PCuVkJSGkzTEKVw=="
        },
        "node_modules/type-fest": {
            "version": "1.4.0",
            "resolved": "https://registry.npmjs.org/type-fest/-/type-fest-1.4.0.tgz",
            "integrity": "sha512-yGSza74xk0UG8k+pLh5oeoYirvIiWo5t0/o3zHHAO2tRDiZcxWP7fywNlXhqb6/r6sWvwi+RsyQMWhVLe4BVuA==",
            "engines": {
                "node": ">=10"
            },
            "funding": {
                "url": "https://github.com/sponsors/sindresorhus"
            }
        },
        "node_modules/vali-date": {
            "version": "1.0.0",
            "resolved": "https://registry.npmjs.org/vali-date/-/vali-date-1.0.0.tgz",
            "integrity": "sha1-G5BKWWCfsyjvB4E4Qgk09rhnCaY=",
            "engines": {
                "node": ">=0.10.0"
            }
        },
        "node_modules/ws": {
            "version": "7.5.5",
            "resolved": "https://registry.npmjs.org/ws/-/ws-7.5.5.tgz",
            "integrity": "sha512-BAkMFcAzl8as1G/hArkxOxq3G7pjUqQ3gzYbLL0/5zNkph70e+lCoxBGnm6AW1+/aiNeV4fnKqZ8m4GZewmH2w==",
            "engines": {
                "node": ">=8.3.0"
            },
            "peerDependencies": {
                "bufferutil": "^4.0.1",
                "utf-8-validate": "^5.0.2"
            },
            "peerDependenciesMeta": {
                "bufferutil": {
                    "optional": true
                },
                "utf-8-validate": {
                    "optional": true
                }
            }
        }
    },
    "dependencies": {
        "@discordjs/builders": {
            "version": "0.5.0",
            "resolved": "https://registry.npmjs.org/@discordjs/builders/-/builders-0.5.0.tgz",
            "integrity": "sha512-HP5y4Rqw68o61Qv4qM5tVmDbWi4mdTFftqIOGRo33SNPpLJ1Ga3KEIR2ibKofkmsoQhEpLmopD1AZDs3cKpHuw==",
            "requires": {
                "@sindresorhus/is": "^4.0.1",
                "discord-api-types": "^0.22.0",
                "ow": "^0.27.0",
                "ts-mixer": "^6.0.0",
                "tslib": "^2.3.0"
            }
        },
        "@discordjs/collection": {
            "version": "0.2.1",
            "resolved": "https://registry.npmjs.org/@discordjs/collection/-/collection-0.2.1.tgz",
            "integrity": "sha512-vhxqzzM8gkomw0TYRF3tgx7SwElzUlXT/Aa41O7mOcyN6wIJfj5JmDWaO5XGKsGSsNx7F3i5oIlrucCCWV1Nog=="
        },
        "@discordjs/form-data": {
            "version": "3.0.1",
            "resolved": "https://registry.npmjs.org/@discordjs/form-data/-/form-data-3.0.1.tgz",
            "integrity": "sha512-ZfFsbgEXW71Rw/6EtBdrP5VxBJy4dthyC0tpQKGKmYFImlmmrykO14Za+BiIVduwjte0jXEBlhSKf0MWbFp9Eg==",
            "requires": {
                "asynckit": "^0.4.0",
                "combined-stream": "^1.0.8",
                "mime-types": "^2.1.12"
            }
        },
        "@sapphire/async-queue": {
            "version": "1.1.4",
            "resolved": "https://registry.npmjs.org/@sapphire/async-queue/-/async-queue-1.1.4.tgz",
            "integrity": "sha512-fFrlF/uWpGOX5djw5Mu2Hnnrunao75WGey0sP0J3jnhmrJ5TAPzHYOmytD5iN/+pMxS+f+u/gezqHa9tPhRHEA=="
        },
        "@sindresorhus/is": {
            "version": "4.2.0",
            "resolved": "https://registry.npmjs.org/@sindresorhus/is/-/is-4.2.0.tgz",
            "integrity": "sha512-VkE3KLBmJwcCaVARtQpfuKcKv8gcBmUubrfHGF84dXuuW6jgsRYxPtzcIhPyK9WAPpRt2/xY6zkD9MnRaJzSyw=="
        },
        "@types/chalk": {
            "version": "2.2.0",
            "resolved": "https://registry.npmjs.org/@types/chalk/-/chalk-2.2.0.tgz",
            "integrity": "sha512-1zzPV9FDe1I/WHhRkf9SNgqtRJWZqrBWgu7JGveuHmmyR9CnAPCie2N/x+iHrgnpYBIcCJWHBoMRv2TRWktsvw==",
            "dev": true,
            "requires": {
                "chalk": "*"
            }
        },
        "@types/node": {
            "version": "15.14.9",
            "resolved": "https://registry.npmjs.org/@types/node/-/node-15.14.9.tgz",
            "integrity": "sha512-qjd88DrCxupx/kJD5yQgZdcYKZKSIGBVDIBE1/LTGcNm3d2Np/jxojkdePDdfnBHJc5W7vSMpbJ1aB7p/Py69A==",
            "dev": true
        },
        "@types/recursive-readdir": {
            "version": "2.2.0",
            "resolved": "https://registry.npmjs.org/@types/recursive-readdir/-/recursive-readdir-2.2.0.tgz",
            "integrity": "sha512-HGk753KRu2N4mWduovY4BLjYq4jTOL29gV2OfGdGxHcPSWGFkC5RRIdk+VTs5XmYd7MVAD+JwKrcb5+5Y7FOCg==",
            "dev": true,
            "requires": {
                "@types/node": "*"
            },
            "dependencies": {
                "@types/node": {
                    "version": "16.9.2",
                    "resolved": "https://registry.npmjs.org/@types/node/-/node-16.9.2.tgz",
                    "integrity": "sha512-ZHty/hKoOLZvSz6BtP1g7tc7nUeJhoCf3flLjh8ZEv1vFKBWHXcnMbJMyN/pftSljNyy0kNW/UqI3DccnBnZ8w==",
                    "dev": true
                }
            }
        },
        "@types/ws": {
            "version": "7.4.7",
            "resolved": "https://registry.npmjs.org/@types/ws/-/ws-7.4.7.tgz",
            "integrity": "sha512-JQbbmxZTZehdc2iszGKs5oC3NFnjeay7mtAWrdt7qNtAVK0g19muApzAy4bm9byz79xa2ZnO/BOBC2R8RC5Lww==",
            "requires": {
                "@types/node": "*"
            },
            "dependencies": {
                "@types/node": {
                    "version": "16.9.2",
                    "resolved": "https://registry.npmjs.org/@types/node/-/node-16.9.2.tgz",
                    "integrity": "sha512-ZHty/hKoOLZvSz6BtP1g7tc7nUeJhoCf3flLjh8ZEv1vFKBWHXcnMbJMyN/pftSljNyy0kNW/UqI3DccnBnZ8w=="
                }
            }
        },
        "ansi-colors": {
            "version": "4.1.1",
            "resolved": "https://registry.npmjs.org/ansi-colors/-/ansi-colors-4.1.1.tgz",
            "integrity": "sha512-JoX0apGbHaUJBNl6yF+p6JAFYZ666/hhCGKN5t9QFjbJQKUU/g8MNbFDbvfrgKXvI1QpZplPOnwIo99lX/AAmA=="
        },
        "ansi-styles": {
            "version": "4.3.0",
            "resolved": "https://registry.npmjs.org/ansi-styles/-/ansi-styles-4.3.0.tgz",
            "integrity": "sha512-zbB9rCJAT1rbjiVDb2hqKFHNYLxgtk8NURxZ3IZwD3F6NtxbXZQCnnSi1Lkx+IDohdPlFp222wVALIheZJQSEg==",
            "requires": {
                "color-convert": "^2.0.1"
            }
        },
        "asynckit": {
            "version": "0.4.0",
            "resolved": "https://registry.npmjs.org/asynckit/-/asynckit-0.4.0.tgz",
            "integrity": "sha1-x57Zf380y48robyXkLzDZkdLS3k="
        },
        "balanced-match": {
            "version": "1.0.2",
            "resolved": "https://registry.npmjs.org/balanced-match/-/balanced-match-1.0.2.tgz",
            "integrity": "sha512-3oSeUO0TMV67hN1AmbXsK4yaqU7tjiHlbxRDZOpH0KW9+CeX4bRAaX0Anxt0tx2MrpRpWwQaPwIlISEJhYU5Pw=="
        },
        "brace-expansion": {
            "version": "1.1.11",
            "resolved": "https://registry.npmjs.org/brace-expansion/-/brace-expansion-1.1.11.tgz",
            "integrity": "sha512-iCuPHDFgrHX7H2vEI/5xpz07zSHB00TpugqhmYtVmMO6518mCuRMoOYFldEBl0g187ufozdaHgWKcYFb61qGiA==",
            "requires": {
                "balanced-match": "^1.0.0",
                "concat-map": "0.0.1"
            }
        },
        "callsites": {
            "version": "3.1.0",
            "resolved": "https://registry.npmjs.org/callsites/-/callsites-3.1.0.tgz",
            "integrity": "sha512-P8BjAsXvZS+VIDUI11hHCQEv74YT67YUi5JJFNWIqL235sBmjX4+qx9Muvls5ivyNENctx46xQLQ3aTuE7ssaQ=="
        },
        "camel-case": {
            "version": "4.1.2",
            "resolved": "https://registry.npmjs.org/camel-case/-/camel-case-4.1.2.tgz",
            "integrity": "sha512-gxGWBrTT1JuMx6R+o5PTXMmUnhnVzLQ9SNutD4YqKtI6ap897t3tKECYla6gCWEkplXnlNybEkZg9GEGxKFCgw==",
            "requires": {
                "pascal-case": "^3.1.2",
                "tslib": "^2.0.3"
            }
        },
        "chalk": {
            "version": "4.1.2",
            "resolved": "https://registry.npmjs.org/chalk/-/chalk-4.1.2.tgz",
            "integrity": "sha512-oKnbhFyRIXpUuez8iBMmyEa4nbj4IOQyuhc/wy9kY7/WVPcwIO9VA668Pu8RkO7+0G76SLROeyw9CpQ061i4mA==",
            "requires": {
                "ansi-styles": "^4.1.0",
                "supports-color": "^7.1.0"
            }
        },
        "chillout": {
            "version": "5.0.0",
            "resolved": "https://registry.npmjs.org/chillout/-/chillout-5.0.0.tgz",
            "integrity": "sha512-xCyFUOrkOVBSaZ1pKXUZcrKhMsPkWh4jWPa9rp4zE+wHE5h4NTO7z8K5rLhV989dtQatDOoMhTe9Vi2S96QEhQ=="
        },
        "color-convert": {
            "version": "2.0.1",
            "resolved": "https://registry.npmjs.org/color-convert/-/color-convert-2.0.1.tgz",
            "integrity": "sha512-RRECPsj7iu/xb5oKYcsFHSppFNnsj/52OVTRKb4zP5onXwVF3zVmmToNcOfGC+CRDpfK/U584fMg38ZHCaElKQ==",
            "requires": {
                "color-name": "~1.1.4"
            }
        },
        "color-name": {
            "version": "1.1.4",
            "resolved": "https://registry.npmjs.org/color-name/-/color-name-1.1.4.tgz",
            "integrity": "sha512-dOy+3AuW3a2wNbZHIuMZpTcgjGuLU/uBL/ubcZF9OXbDo8ff4O8yVp5Bf0efS8uEoYo5q4Fx7dY9OgQGXgAsQA=="
        },
        "combined-stream": {
            "version": "1.0.8",
            "resolved": "https://registry.npmjs.org/combined-stream/-/combined-stream-1.0.8.tgz",
            "integrity": "sha512-FQN4MRfuJeHf7cBbBMJFXhKSDq+2kAArBlmRBvcvFE5BB1HZKXtSFASDhdlz9zOYwxh8lDdnvmMOe/+5cdoEdg==",
            "requires": {
                "delayed-stream": "~1.0.0"
            }
        },
        "concat-map": {
            "version": "0.0.1",
            "resolved": "https://registry.npmjs.org/concat-map/-/concat-map-0.0.1.tgz",
            "integrity": "sha1-2Klr13/Wjfd5OnMDajug1UBdR3s="
        },
        "delayed-stream": {
            "version": "1.0.0",
            "resolved": "https://registry.npmjs.org/delayed-stream/-/delayed-stream-1.0.0.tgz",
            "integrity": "sha1-3zrhmayt+31ECqrgsp4icrJOxhk="
        },
        "discord-api-types": {
            "version": "0.22.0",
            "resolved": "https://registry.npmjs.org/discord-api-types/-/discord-api-types-0.22.0.tgz",
            "integrity": "sha512-l8yD/2zRbZItUQpy7ZxBJwaLX/Bs2TGaCthRppk8Sw24LOIWg12t9JEreezPoYD0SQcC2htNNo27kYEpYW/Srg=="
        },
        "discord-together": {
            "version": "1.2.0",
            "resolved": "https://registry.npmjs.org/discord-together/-/discord-together-1.2.0.tgz",
            "integrity": "sha512-L1G20599PxkaGv7QQ6KGF1GVCdcAZ0FE6ua0E1CPuoXbYLT+gLLuZKRC9ysw4+ygNKCy9RNn7fonydmJxq00Yw==",
            "requires": {
                "discord.js": "^13.1.0",
                "node-fetch": "^2.6.1"
            }
        },
        "discord.js": {
            "version": "13.1.0",
            "resolved": "https://registry.npmjs.org/discord.js/-/discord.js-13.1.0.tgz",
            "integrity": "sha512-gxO4CXKdHpqA+WKG+f5RNnd3srTDj5uFJHgOathksDE90YNq/Qijkd2WlMgTTMS6AJoEnHxI7G9eDQHCuZ+xDA==",
            "requires": {
                "@discordjs/builders": "^0.5.0",
                "@discordjs/collection": "^0.2.1",
                "@discordjs/form-data": "^3.0.1",
                "@sapphire/async-queue": "^1.1.4",
                "@types/ws": "^7.4.7",
                "discord-api-types": "^0.22.0",
                "node-fetch": "^2.6.1",
                "ws": "^7.5.1"
            }
        },
        "dot-prop": {
            "version": "6.0.1",
            "resolved": "https://registry.npmjs.org/dot-prop/-/dot-prop-6.0.1.tgz",
            "integrity": "sha512-tE7ztYzXHIeyvc7N+hR3oi7FIbf/NIjVP9hmAt3yMXzrQ072/fpjGLx2GxNxGxUl5V73MEqYzioOMoVhGMJ5cA==",
            "requires": {
                "is-obj": "^2.0.0"
            }
        },
        "enquirer": {
            "version": "2.3.6",
            "resolved": "https://registry.npmjs.org/enquirer/-/enquirer-2.3.6.tgz",
            "integrity": "sha512-yjNnPr315/FjS4zIsUxYguYUPP2e1NK4d7E7ZOLiyYCcbFBiTMyID+2wvm2w6+pZ/odMA7cRkjhsPbltwBOrLg==",
            "requires": {
                "ansi-colors": "^4.1.1"
            }
        },
        "has-flag": {
            "version": "4.0.0",
            "resolved": "https://registry.npmjs.org/has-flag/-/has-flag-4.0.0.tgz",
            "integrity": "sha512-EykJT/Q1KjTWctppgIAgfSO0tKVuZUjhgMr17kqTumMl6Afv3EISleU7qZUzoXDFTAHTDC4NOoG/ZxU3EvlMPQ=="
        },
        "is-obj": {
            "version": "2.0.0",
            "resolved": "https://registry.npmjs.org/is-obj/-/is-obj-2.0.0.tgz",
            "integrity": "sha512-drqDG3cbczxxEJRoOXcOjtdp1J/lyp1mNn0xaznRs8+muBhgQcrnbspox5X5fOw0HnMnbfDzvnEMEtqDEJEo8w=="
        },
        "lodash.isequal": {
            "version": "4.5.0",
            "resolved": "https://registry.npmjs.org/lodash.isequal/-/lodash.isequal-4.5.0.tgz",
            "integrity": "sha1-QVxEePK8wwEgwizhDtMib30+GOA="
        },
        "lower-case": {
            "version": "2.0.2",
            "resolved": "https://registry.npmjs.org/lower-case/-/lower-case-2.0.2.tgz",
            "integrity": "sha512-7fm3l3NAF9WfN6W3JOmf5drwpVqX78JtoGJ3A6W0a6ZnldM41w2fV5D490psKFTpMds8TJse/eHLFFsNHHjHgg==",
            "requires": {
                "tslib": "^2.0.3"
            }
        },
        "mime-db": {
            "version": "1.49.0",
            "resolved": "https://registry.npmjs.org/mime-db/-/mime-db-1.49.0.tgz",
            "integrity": "sha512-CIc8j9URtOVApSFCQIF+VBkX1RwXp/oMMOrqdyXSBXq5RWNEsRfyj1kiRnQgmNXmHxPoFIxOroKA3zcU9P+nAA=="
        },
        "mime-types": {
            "version": "2.1.32",
            "resolved": "https://registry.npmjs.org/mime-types/-/mime-types-2.1.32.tgz",
            "integrity": "sha512-hJGaVS4G4c9TSMYh2n6SQAGrC4RnfU+daP8G7cSCmaqNjiOoUY0VHCMS42pxnQmVF1GWwFhbHWn3RIxCqTmZ9A==",
            "requires": {
                "mime-db": "1.49.0"
            }
        },
        "minimatch": {
            "version": "3.0.4",
            "resolved": "https://registry.npmjs.org/minimatch/-/minimatch-3.0.4.tgz",
            "integrity": "sha512-yJHVQEhyqPLUTgt9B83PXu6W3rx4MvvHvSUvToogpwoGDOUQ+yDrR0HRot+yOCdCO7u4hX3pWft6kWBBcqh0UA==",
            "requires": {
                "brace-expansion": "^1.1.7"
            }
        },
        "no-case": {
            "version": "3.0.4",
            "resolved": "https://registry.npmjs.org/no-case/-/no-case-3.0.4.tgz",
            "integrity": "sha512-fgAN3jGAh+RoxUGZHTSOLJIqUc2wmoBwGR4tbpNAKmmovFoWq0OdRkb0VkldReO2a2iBT/OEulG9XSUc10r3zg==",
            "requires": {
                "lower-case": "^2.0.2",
                "tslib": "^2.0.3"
            }
        },
        "node-fetch": {
            "version": "2.6.2",
            "resolved": "https://registry.npmjs.org/node-fetch/-/node-fetch-2.6.2.tgz",
            "integrity": "sha512-aLoxToI6RfZ+0NOjmWAgn9+LEd30YCkJKFSyWacNZdEKTit/ZMcKjGkTRo8uWEsnIb/hfKecNPEbln02PdWbcA=="
        },
        "ow": {
            "version": "0.27.0",
            "resolved": "https://registry.npmjs.org/ow/-/ow-0.27.0.tgz",
            "integrity": "sha512-SGnrGUbhn4VaUGdU0EJLMwZWSupPmF46hnTRII7aCLCrqixTAC5eKo8kI4/XXf1eaaI8YEVT+3FeGNJI9himAQ==",
            "requires": {
                "@sindresorhus/is": "^4.0.1",
                "callsites": "^3.1.0",
                "dot-prop": "^6.0.1",
                "lodash.isequal": "^4.5.0",
                "type-fest": "^1.2.1",
                "vali-date": "^1.0.0"
            }
        },
        "pascal-case": {
            "version": "3.1.2",
            "resolved": "https://registry.npmjs.org/pascal-case/-/pascal-case-3.1.2.tgz",
            "integrity": "sha512-uWlGT3YSnK9x3BQJaOdcZwrnV6hPpd8jFH1/ucpiLRPh/2zCVJKS19E4GvYHvaCcACn3foXZ0cLB9Wrx1KGe5g==",
            "requires": {
                "no-case": "^3.0.4",
                "tslib": "^2.0.3"
            }
        },
        "plsargs": {
            "version": "0.1.6",
            "resolved": "https://registry.npmjs.org/plsargs/-/plsargs-0.1.6.tgz",
            "integrity": "sha512-WQz2xmuliJ8HtNsSKhEQf9dA148NZB0uWiCKKRssI24nHERXNU1kbj/wnN4JIoV1pXJe0O4mcteMy6eZczBA3A==",
            "requires": {
                "camel-case": "^4.1.2",
                "tslib": "^2.1.0"
            }
        },
        "recursive-readdir": {
            "version": "2.2.2",
            "resolved": "https://registry.npmjs.org/recursive-readdir/-/recursive-readdir-2.2.2.tgz",
            "integrity": "sha512-nRCcW9Sj7NuZwa2XvH9co8NPeXUBhZP7CRKJtU+cS6PW9FpCIFoI5ib0NT1ZrbNuPoRy0ylyCaUL8Gih4LSyFg==",
            "requires": {
                "minimatch": "3.0.4"
            }
        },
        "stuffs": {
            "version": "0.1.6",
            "resolved": "https://registry.npmjs.org/stuffs/-/stuffs-0.1.6.tgz",
            "integrity": "sha512-gyEa4W8+sJQW6y57BSvYPXHwYJxHfinD1oJIADk8dIKynNL9ry7ZYHeP6gp2eXqqNpBTLxO/FI53fgToIfbx8A==",
            "requires": {
                "stuffs": "^0.1.3"
            }
        },
        "supports-color": {
            "version": "7.2.0",
            "resolved": "https://registry.npmjs.org/supports-color/-/supports-color-7.2.0.tgz",
            "integrity": "sha512-qpCAvRl9stuOHveKsn7HncJRvv501qIacKzQlO/+Lwxc9+0q2wLyv4Dfvt80/DPn2pqOBsJdDiogXGR9+OvwRw==",
            "requires": {
                "has-flag": "^4.0.0"
            }
        },
        "ts-mixer": {
            "version": "6.0.0",
            "resolved": "https://registry.npmjs.org/ts-mixer/-/ts-mixer-6.0.0.tgz",
            "integrity": "sha512-nXIb1fvdY5CBSrDIblLn73NW0qRDk5yJ0Sk1qPBF560OdJfQp9jhl+0tzcY09OZ9U+6GpeoI9RjwoIKFIoB9MQ=="
        },
        "tslib": {
            "version": "2.3.1",
            "resolved": "https://registry.npmjs.org/tslib/-/tslib-2.3.1.tgz",
            "integrity": "sha512-77EbyPPpMz+FRFRuAFlWMtmgUWGe9UOG2Z25NqCwiIjRhOf5iKGuzSe5P2w1laq+FkRy4p+PCuVkJSGkzTEKVw=="
        },
        "type-fest": {
            "version": "1.4.0",
            "resolved": "https://registry.npmjs.org/type-fest/-/type-fest-1.4.0.tgz",
            "integrity": "sha512-yGSza74xk0UG8k+pLh5oeoYirvIiWo5t0/o3zHHAO2tRDiZcxWP7fywNlXhqb6/r6sWvwi+RsyQMWhVLe4BVuA=="
        },
        "vali-date": {
            "version": "1.0.0",
            "resolved": "https://registry.npmjs.org/vali-date/-/vali-date-1.0.0.tgz",
            "integrity": "sha1-G5BKWWCfsyjvB4E4Qgk09rhnCaY="
        },
        "ws": {
            "version": "7.5.5",
            "resolved": "https://registry.npmjs.org/ws/-/ws-7.5.5.tgz",
            "integrity": "sha512-BAkMFcAzl8as1G/hArkxOxq3G7pjUqQ3gzYbLL0/5zNkph70e+lCoxBGnm6AW1+/aiNeV4fnKqZ8m4GZewmH2w==",
            "requires": {}
        }
    }
}
