# THIS IS AN AUTOGENERATED FILE. DO NOT EDIT THIS FILE DIRECTLY.
# yarn lockfile v1


"@discordjs/builders@^0.6.0":
  "integrity" "sha512-mH3Gx61LKk2CD05laCI9K5wp+a3NyASHDUGx83DGJFkqJlRlSV5WMJNY6RS37A5SjqDtGMF4wVR9jzFaqShe6Q=="
  "resolved" "https://registry.npmjs.org/@discordjs/builders/-/builders-0.6.0.tgz"
  "version" "0.6.0"
  dependencies:
    "@sindresorhus/is" "^4.0.1"
    "discord-api-types" "^0.22.0"
    "ow" "^0.27.0"
    "ts-mixer" "^6.0.0"
    "tslib" "^2.3.1"

"@discordjs/collection@^0.1.6":
  "integrity" "sha512-utRNxnd9kSS2qhyivo9lMlt5qgAUasH2gb7BEOn6p0efFh24gjGomHzWKMAPn2hEReOPQZCJaRKoURwRotKucQ=="
  "resolved" "https://registry.npmjs.org/@discordjs/collection/-/collection-0.1.6.tgz"
  "version" "0.1.6"

"@discordjs/collection@^0.2.1":
  "integrity" "sha512-vhxqzzM8gkomw0TYRF3tgx7SwElzUlXT/Aa41O7mOcyN6wIJfj5JmDWaO5XGKsGSsNx7F3i5oIlrucCCWV1Nog=="
  "resolved" "https://registry.npmjs.org/@discordjs/collection/-/collection-0.2.1.tgz"
  "version" "0.2.1"

"@discordjs/form-data@^3.0.1":
  "integrity" "sha512-ZfFsbgEXW71Rw/6EtBdrP5VxBJy4dthyC0tpQKGKmYFImlmmrykO14Za+BiIVduwjte0jXEBlhSKf0MWbFp9Eg=="
  "resolved" "https://registry.npmjs.org/@discordjs/form-data/-/form-data-3.0.1.tgz"
  "version" "3.0.1"
  dependencies:
    "asynckit" "^0.4.0"
    "combined-stream" "^1.0.8"
    "mime-types" "^2.1.12"

"@discordjs/rest@^0.1.0-canary.0":
  "integrity" "sha512-d+s//ISYVV+e0w/926wMEeO7vju+Pn11x1JM4tcmVMCHSDgpi6pnFCNAXF1TEdnDcy7xf9tq5cf2pQkb/7ySTQ=="
  "resolved" "https://registry.npmjs.org/@discordjs/rest/-/rest-0.1.0-canary.0.tgz"
  "version" "0.1.0-canary.0"
  dependencies:
    "@discordjs/collection" "^0.1.6"
    "@sapphire/async-queue" "^1.1.4"
    "@sapphire/snowflake" "^1.3.5"
    "abort-controller" "^3.0.0"
    "discord-api-types" "^0.18.1"
    "form-data" "^4.0.0"
    "node-fetch" "^2.6.1"
    "tslib" "^2.3.0"

"@sapphire/async-queue@^1.1.4", "@sapphire/async-queue@^1.1.5":
  "integrity" "sha512-NQ8GeTBeOkeAylVYTnO9zfEZO74iMNGCRrR3uIRnCrhkyPC+nsewyQtTamjSDWxXFTf+xGSJ9khiY2p56k/bMA=="
  "resolved" "https://registry.npmjs.org/@sapphire/async-queue/-/async-queue-1.1.5.tgz"
  "version" "1.1.5"

"@sapphire/snowflake@^1.3.5":
  "integrity" "sha512-QnzuLp+p9D7agynVub/zqlDVriDza9y3STArBhNiNBUgIX8+GL5FpQxstRfw1jDr5jkZUjcuKYAHxjIuXKdJAg=="
  "resolved" "https://registry.npmjs.org/@sapphire/snowflake/-/snowflake-1.3.6.tgz"
  "version" "1.3.6"

"@sindresorhus/is@^4.0.1":
  "integrity" "sha512-Qm9hBEBu18wt1PO2flE7LPb30BHMQt1eQgbV76YntdNk73XZGpn3izvGTYxbGgzXKgbCjiia0uxTd3aTNQrY/g=="
  "resolved" "https://registry.npmjs.org/@sindresorhus/is/-/is-4.0.1.tgz"
  "version" "4.0.1"

"@types/chalk@^2.2.0":
  "integrity" "sha512-1zzPV9FDe1I/WHhRkf9SNgqtRJWZqrBWgu7JGveuHmmyR9CnAPCie2N/x+iHrgnpYBIcCJWHBoMRv2TRWktsvw=="
  "resolved" "https://registry.npmjs.org/@types/chalk/-/chalk-2.2.0.tgz"
  "version" "2.2.0"
  dependencies:
    "chalk" "*"

"@types/node@*", "@types/node@^15.12.2":
  "integrity" "sha512-6ewfMNmkumZieB/EeJ4cdP1bbJyOlOt5MTwbKMr7WKxyCt2j09H8YWRK6zOd/Jh35Vu/gls39ZUmeu4vHu1WKQ=="
  "resolved" "https://registry.npmjs.org/@types/node/-/node-15.14.5.tgz"
  "version" "15.14.5"

"@types/recursive-readdir@^2.2.0":
  "integrity" "sha512-HGk753KRu2N4mWduovY4BLjYq4jTOL29gV2OfGdGxHcPSWGFkC5RRIdk+VTs5XmYd7MVAD+JwKrcb5+5Y7FOCg=="
  "resolved" "https://registry.npmjs.org/@types/recursive-readdir/-/recursive-readdir-2.2.0.tgz"
  "version" "2.2.0"
  dependencies:
    "@types/node" "*"

"@types/ws@^8.2.0":
  "integrity" "sha512-cyeefcUCgJlEk+hk2h3N+MqKKsPViQgF5boi9TTHSK+PoR9KWBb/C5ccPcDyAqgsbAYHTwulch725DV84+pSpg=="
  "resolved" "https://registry.npmjs.org/@types/ws/-/ws-8.2.0.tgz"
  "version" "8.2.0"
  dependencies:
    "@types/node" "*"

"abort-controller@^3.0.0":
  "integrity" "sha512-h8lQ8tacZYnR3vNQTgibj+tODHI5/+l06Au2Pcriv/Gmet0eaj4TwWH41sO9wnHDiQsEj19q0drzdWdeAHtweg=="
  "resolved" "https://registry.npmjs.org/abort-controller/-/abort-controller-3.0.0.tgz"
  "version" "3.0.0"
  dependencies:
    "event-target-shim" "^5.0.0"

"ansi-colors@^4.1.1":
  "integrity" "sha512-JoX0apGbHaUJBNl6yF+p6JAFYZ666/hhCGKN5t9QFjbJQKUU/g8MNbFDbvfrgKXvI1QpZplPOnwIo99lX/AAmA=="
  "resolved" "https://registry.npmjs.org/ansi-colors/-/ansi-colors-4.1.1.tgz"
  "version" "4.1.1"

"ansi-styles@^4.1.0":
  "integrity" "sha512-zbB9rCJAT1rbjiVDb2hqKFHNYLxgtk8NURxZ3IZwD3F6NtxbXZQCnnSi1Lkx+IDohdPlFp222wVALIheZJQSEg=="
  "resolved" "https://registry.npmjs.org/ansi-styles/-/ansi-styles-4.3.0.tgz"
  "version" "4.3.0"
  dependencies:
    "color-convert" "^2.0.1"

"asynckit@^0.4.0":
  "integrity" "sha1-x57Zf380y48robyXkLzDZkdLS3k="
  "resolved" "https://registry.npmjs.org/asynckit/-/asynckit-0.4.0.tgz"
  "version" "0.4.0"

"balanced-match@^1.0.0":
  "integrity" "sha512-3oSeUO0TMV67hN1AmbXsK4yaqU7tjiHlbxRDZOpH0KW9+CeX4bRAaX0Anxt0tx2MrpRpWwQaPwIlISEJhYU5Pw=="
  "resolved" "https://registry.npmjs.org/balanced-match/-/balanced-match-1.0.2.tgz"
  "version" "1.0.2"

"brace-expansion@^1.1.7":
  "integrity" "sha512-iCuPHDFgrHX7H2vEI/5xpz07zSHB00TpugqhmYtVmMO6518mCuRMoOYFldEBl0g187ufozdaHgWKcYFb61qGiA=="
  "resolved" "https://registry.npmjs.org/brace-expansion/-/brace-expansion-1.1.11.tgz"
  "version" "1.1.11"
  dependencies:
    "balanced-match" "^1.0.0"
    "concat-map" "0.0.1"

"callsites@^3.1.0":
  "integrity" "sha512-P8BjAsXvZS+VIDUI11hHCQEv74YT67YUi5JJFNWIqL235sBmjX4+qx9Muvls5ivyNENctx46xQLQ3aTuE7ssaQ=="
  "resolved" "https://registry.npmjs.org/callsites/-/callsites-3.1.0.tgz"
  "version" "3.1.0"

"camel-case@^4.1.2":
  "integrity" "sha512-gxGWBrTT1JuMx6R+o5PTXMmUnhnVzLQ9SNutD4YqKtI6ap897t3tKECYla6gCWEkplXnlNybEkZg9GEGxKFCgw=="
  "resolved" "https://registry.npmjs.org/camel-case/-/camel-case-4.1.2.tgz"
  "version" "4.1.2"
  dependencies:
    "pascal-case" "^3.1.2"
    "tslib" "^2.0.3"

"chalk@*", "chalk@^4.1.1":
  "integrity" "sha512-oKnbhFyRIXpUuez8iBMmyEa4nbj4IOQyuhc/wy9kY7/WVPcwIO9VA668Pu8RkO7+0G76SLROeyw9CpQ061i4mA=="
  "resolved" "https://registry.npmjs.org/chalk/-/chalk-4.1.2.tgz"
  "version" "4.1.2"
  dependencies:
    "ansi-styles" "^4.1.0"
    "supports-color" "^7.1.0"

"chillout@^5.0.0":
  "integrity" "sha512-xCyFUOrkOVBSaZ1pKXUZcrKhMsPkWh4jWPa9rp4zE+wHE5h4NTO7z8K5rLhV989dtQatDOoMhTe9Vi2S96QEhQ=="
  "resolved" "https://registry.npmjs.org/chillout/-/chillout-5.0.0.tgz"
  "version" "5.0.0"

"color-convert@^2.0.1":
  "integrity" "sha512-RRECPsj7iu/xb5oKYcsFHSppFNnsj/52OVTRKb4zP5onXwVF3zVmmToNcOfGC+CRDpfK/U584fMg38ZHCaElKQ=="
  "resolved" "https://registry.npmjs.org/color-convert/-/color-convert-2.0.1.tgz"
  "version" "2.0.1"
  dependencies:
    "color-name" "~1.1.4"

"color-name@~1.1.4":
  "integrity" "sha512-dOy+3AuW3a2wNbZHIuMZpTcgjGuLU/uBL/ubcZF9OXbDo8ff4O8yVp5Bf0efS8uEoYo5q4Fx7dY9OgQGXgAsQA=="
  "resolved" "https://registry.npmjs.org/color-name/-/color-name-1.1.4.tgz"
  "version" "1.1.4"

"combined-stream@^1.0.8":
  "integrity" "sha512-FQN4MRfuJeHf7cBbBMJFXhKSDq+2kAArBlmRBvcvFE5BB1HZKXtSFASDhdlz9zOYwxh8lDdnvmMOe/+5cdoEdg=="
  "resolved" "https://registry.npmjs.org/combined-stream/-/combined-stream-1.0.8.tgz"
  "version" "1.0.8"
  dependencies:
    "delayed-stream" "~1.0.0"

"concat-map@0.0.1":
  "integrity" "sha1-2Klr13/Wjfd5OnMDajug1UBdR3s="
  "resolved" "https://registry.npmjs.org/concat-map/-/concat-map-0.0.1.tgz"
  "version" "0.0.1"

"delayed-stream@~1.0.0":
  "integrity" "sha1-3zrhmayt+31ECqrgsp4icrJOxhk="
  "resolved" "https://registry.npmjs.org/delayed-stream/-/delayed-stream-1.0.0.tgz"
  "version" "1.0.0"

"discord-api-types@^0.18.1":
  "integrity" "sha512-hNC38R9ZF4uaujaZQtQfm5CdQO58uhdkoHQAVvMfIL0LgOSZeW575W8H6upngQOuoxWd8tiRII3LLJm9zuQKYg=="
  "resolved" "https://registry.npmjs.org/discord-api-types/-/discord-api-types-0.18.1.tgz"
  "version" "0.18.1"

"discord-api-types@^0.22.0":
  "integrity" "sha512-l8yD/2zRbZItUQpy7ZxBJwaLX/Bs2TGaCthRppk8Sw24LOIWg12t9JEreezPoYD0SQcC2htNNo27kYEpYW/Srg=="
  "resolved" "https://registry.npmjs.org/discord-api-types/-/discord-api-types-0.22.0.tgz"
  "version" "0.22.0"

"discord-api-types@^0.23.1":
  "integrity" "sha512-igWmn+45mzXRWNEPU25I/pr8MwxHb767wAr51oy3VRLRcTlp5ADBbrBR0lq3SA1Rfw3MtM4TQu1xo3kxscfVdQ=="
  "resolved" "https://registry.npmjs.org/discord-api-types/-/discord-api-types-0.23.1.tgz"
  "version" "0.23.1"

"discord-together@^1.3.0":
  "integrity" "sha512-mqz4tHgFZi0wobILhNNyKIZgTU0JkQ7U9L1Ku4hQgnjM4DzWDND0d+ouoN1O5yVJ/sbccV2A8jCtfz/iiiBz5Q=="
  "resolved" "https://registry.npmjs.org/discord-together/-/discord-together-1.3.0.tgz"
  "version" "1.3.0"
  dependencies:
    "discord.js" "^13.1.0"
    "node-fetch" "^2.6.1"

"discord.js@^13.1.0", "discord.js@13.2.0":
  "integrity" "sha512-nyxUvL8wuQG38zx13wUMkpcA8koFszyiXdkSLwwM9opKW2LC2H5gD0cTZxImeJ6GtEnKPWT8xBiE8lLBmbNIhw=="
  "resolved" "https://registry.npmjs.org/discord.js/-/discord.js-13.2.0.tgz"
  "version" "13.2.0"
  dependencies:
    "@discordjs/builders" "^0.6.0"
    "@discordjs/collection" "^0.2.1"
    "@discordjs/form-data" "^3.0.1"
    "@sapphire/async-queue" "^1.1.5"
    "@types/ws" "^8.2.0"
    "discord-api-types" "^0.23.1"
    "node-fetch" "^2.6.1"
    "ws" "^8.2.3"

"dot-prop@^6.0.1":
  "integrity" "sha512-tE7ztYzXHIeyvc7N+hR3oi7FIbf/NIjVP9hmAt3yMXzrQ072/fpjGLx2GxNxGxUl5V73MEqYzioOMoVhGMJ5cA=="
  "resolved" "https://registry.npmjs.org/dot-prop/-/dot-prop-6.0.1.tgz"
  "version" "6.0.1"
  dependencies:
    "is-obj" "^2.0.0"

"enquirer@^2.3.6":
  "integrity" "sha512-yjNnPr315/FjS4zIsUxYguYUPP2e1NK4d7E7ZOLiyYCcbFBiTMyID+2wvm2w6+pZ/odMA7cRkjhsPbltwBOrLg=="
  "resolved" "https://registry.npmjs.org/enquirer/-/enquirer-2.3.6.tgz"
  "version" "2.3.6"
  dependencies:
    "ansi-colors" "^4.1.1"

"event-target-shim@^5.0.0":
  "integrity" "sha512-i/2XbnSz/uxRCU6+NdVJgKWDTM427+MqYbkQzD321DuCQJUqOuJKIA0IM2+W2xtYHdKOmZ4dR6fExsd4SXL+WQ=="
  "resolved" "https://registry.npmjs.org/event-target-shim/-/event-target-shim-5.0.1.tgz"
  "version" "5.0.1"

"form-data@^4.0.0":
  "integrity" "sha512-ETEklSGi5t0QMZuiXoA/Q6vcnxcLQP5vdugSpuAyi6SVGi2clPPp+xgEhuMaHC+zGgn31Kd235W35f7Hykkaww=="
  "resolved" "https://registry.npmjs.org/form-data/-/form-data-4.0.0.tgz"
  "version" "4.0.0"
  dependencies:
    "asynckit" "^0.4.0"
    "combined-stream" "^1.0.8"
    "mime-types" "^2.1.12"

"has-flag@^4.0.0":
  "integrity" "sha512-EykJT/Q1KjTWctppgIAgfSO0tKVuZUjhgMr17kqTumMl6Afv3EISleU7qZUzoXDFTAHTDC4NOoG/ZxU3EvlMPQ=="
  "resolved" "https://registry.npmjs.org/has-flag/-/has-flag-4.0.0.tgz"
  "version" "4.0.0"

"is-obj@^2.0.0":
  "integrity" "sha512-drqDG3cbczxxEJRoOXcOjtdp1J/lyp1mNn0xaznRs8+muBhgQcrnbspox5X5fOw0HnMnbfDzvnEMEtqDEJEo8w=="
  "resolved" "https://registry.npmjs.org/is-obj/-/is-obj-2.0.0.tgz"
  "version" "2.0.0"

"lodash.isequal@^4.5.0":
  "integrity" "sha1-QVxEePK8wwEgwizhDtMib30+GOA="
  "resolved" "https://registry.npmjs.org/lodash.isequal/-/lodash.isequal-4.5.0.tgz"
  "version" "4.5.0"

"lower-case@^2.0.2":
  "integrity" "sha512-7fm3l3NAF9WfN6W3JOmf5drwpVqX78JtoGJ3A6W0a6ZnldM41w2fV5D490psKFTpMds8TJse/eHLFFsNHHjHgg=="
  "resolved" "https://registry.npmjs.org/lower-case/-/lower-case-2.0.2.tgz"
  "version" "2.0.2"
  dependencies:
    "tslib" "^2.0.3"

"mime-db@1.49.0":
  "integrity" "sha512-CIc8j9URtOVApSFCQIF+VBkX1RwXp/oMMOrqdyXSBXq5RWNEsRfyj1kiRnQgmNXmHxPoFIxOroKA3zcU9P+nAA=="
  "resolved" "https://registry.npmjs.org/mime-db/-/mime-db-1.49.0.tgz"
  "version" "1.49.0"

"mime-types@^2.1.12":
  "integrity" "sha512-hJGaVS4G4c9TSMYh2n6SQAGrC4RnfU+daP8G7cSCmaqNjiOoUY0VHCMS42pxnQmVF1GWwFhbHWn3RIxCqTmZ9A=="
  "resolved" "https://registry.npmjs.org/mime-types/-/mime-types-2.1.32.tgz"
  "version" "2.1.32"
  dependencies:
    "mime-db" "1.49.0"

"minimatch@3.0.4":
  "integrity" "sha512-yJHVQEhyqPLUTgt9B83PXu6W3rx4MvvHvSUvToogpwoGDOUQ+yDrR0HRot+yOCdCO7u4hX3pWft6kWBBcqh0UA=="
  "resolved" "https://registry.npmjs.org/minimatch/-/minimatch-3.0.4.tgz"
  "version" "3.0.4"
  dependencies:
    "brace-expansion" "^1.1.7"

"no-case@^3.0.4":
  "integrity" "sha512-fgAN3jGAh+RoxUGZHTSOLJIqUc2wmoBwGR4tbpNAKmmovFoWq0OdRkb0VkldReO2a2iBT/OEulG9XSUc10r3zg=="
  "resolved" "https://registry.npmjs.org/no-case/-/no-case-3.0.4.tgz"
  "version" "3.0.4"
  dependencies:
    "lower-case" "^2.0.2"
    "tslib" "^2.0.3"

"node-fetch@^2.6.1":
  "integrity" "sha512-V4aYg89jEoVRxRb2fJdAg8FHvI7cEyYdVAh94HH0UIK8oJxUfkjlDQN9RbMx+bEjP7+ggMiFRprSti032Oipxw=="
  "resolved" "https://registry.npmjs.org/node-fetch/-/node-fetch-2.6.1.tgz"
  "version" "2.6.1"

"ow@^0.27.0":
  "integrity" "sha512-SGnrGUbhn4VaUGdU0EJLMwZWSupPmF46hnTRII7aCLCrqixTAC5eKo8kI4/XXf1eaaI8YEVT+3FeGNJI9himAQ=="
  "resolved" "https://registry.npmjs.org/ow/-/ow-0.27.0.tgz"
  "version" "0.27.0"
  dependencies:
    "@sindresorhus/is" "^4.0.1"
    "callsites" "^3.1.0"
    "dot-prop" "^6.0.1"
    "lodash.isequal" "^4.5.0"
    "type-fest" "^1.2.1"
    "vali-date" "^1.0.0"

"pascal-case@^3.1.2":
  "integrity" "sha512-uWlGT3YSnK9x3BQJaOdcZwrnV6hPpd8jFH1/ucpiLRPh/2zCVJKS19E4GvYHvaCcACn3foXZ0cLB9Wrx1KGe5g=="
  "resolved" "https://registry.npmjs.org/pascal-case/-/pascal-case-3.1.2.tgz"
  "version" "3.1.2"
  dependencies:
    "no-case" "^3.0.4"
    "tslib" "^2.0.3"

"plsargs@^0.1.6":
  "integrity" "sha512-WQz2xmuliJ8HtNsSKhEQf9dA148NZB0uWiCKKRssI24nHERXNU1kbj/wnN4JIoV1pXJe0O4mcteMy6eZczBA3A=="
  "resolved" "https://registry.npmjs.org/plsargs/-/plsargs-0.1.6.tgz"
  "version" "0.1.6"
  dependencies:
    "camel-case" "^4.1.2"
    "tslib" "^2.1.0"

"recursive-readdir@^2.2.2":
  "integrity" "sha512-nRCcW9Sj7NuZwa2XvH9co8NPeXUBhZP7CRKJtU+cS6PW9FpCIFoI5ib0NT1ZrbNuPoRy0ylyCaUL8Gih4LSyFg=="
  "resolved" "https://registry.npmjs.org/recursive-readdir/-/recursive-readdir-2.2.2.tgz"
  "version" "2.2.2"
  dependencies:
    "minimatch" "3.0.4"

"stuffs@^0.1.3", "stuffs@^0.1.4":
  "integrity" "sha512-gyEa4W8+sJQW6y57BSvYPXHwYJxHfinD1oJIADk8dIKynNL9ry7ZYHeP6gp2eXqqNpBTLxO/FI53fgToIfbx8A=="
  "resolved" "https://registry.npmjs.org/stuffs/-/stuffs-0.1.6.tgz"
  "version" "0.1.6"
  dependencies:
    "stuffs" "^0.1.3"

"supports-color@^7.1.0":
  "integrity" "sha512-qpCAvRl9stuOHveKsn7HncJRvv501qIacKzQlO/+Lwxc9+0q2wLyv4Dfvt80/DPn2pqOBsJdDiogXGR9+OvwRw=="
  "resolved" "https://registry.npmjs.org/supports-color/-/supports-color-7.2.0.tgz"
  "version" "7.2.0"
  dependencies:
    "has-flag" "^4.0.0"

"ts-mixer@^6.0.0":
  "integrity" "sha512-nXIb1fvdY5CBSrDIblLn73NW0qRDk5yJ0Sk1qPBF560OdJfQp9jhl+0tzcY09OZ9U+6GpeoI9RjwoIKFIoB9MQ=="
  "resolved" "https://registry.npmjs.org/ts-mixer/-/ts-mixer-6.0.0.tgz"
  "version" "6.0.0"

"tslib@^2.0.3", "tslib@^2.1.0", "tslib@^2.3.0", "tslib@^2.3.1":
  "integrity" "sha512-77EbyPPpMz+FRFRuAFlWMtmgUWGe9UOG2Z25NqCwiIjRhOf5iKGuzSe5P2w1laq+FkRy4p+PCuVkJSGkzTEKVw=="
  "resolved" "https://registry.npmjs.org/tslib/-/tslib-2.3.1.tgz"
  "version" "2.3.1"

"type-fest@^1.2.1":
  "integrity" "sha512-mYUYkAy6fPatVWtUeCV/qGeGL3IVucmdJOzeAEfwgCJDx8gP0JaW8jn6KQ5xDfPec31e0KXWn5EUOZMhquR1zA=="
  "resolved" "https://registry.npmjs.org/type-fest/-/type-fest-1.3.0.tgz"
  "version" "1.3.0"

"vali-date@^1.0.0":
  "integrity" "sha1-G5BKWWCfsyjvB4E4Qgk09rhnCaY="
  "resolved" "https://registry.npmjs.org/vali-date/-/vali-date-1.0.0.tgz"
  "version" "1.0.0"

"ws@^8.2.3":
  "integrity" "sha512-wBuoj1BDpC6ZQ1B7DWQBYVLphPWkm8i9Y0/3YdHjHKHiohOJ1ws+3OccDWtH+PoC9DZD5WOTrJvNbWvjS6JWaA=="
  "resolved" "https://registry.npmjs.org/ws/-/ws-8.2.3.tgz"
  "version" "8.2.3"

"yarn@^1.22.15":
  "integrity" "sha512-AzoEDxj256BOS/jqDXA3pjyhmi4FRBBUMgYoTHI4EIt2EhREkvH0soPVEtnD+DQIJfU5R9bKhcZ1H9l8zPWeoA=="
  "resolved" "https://registry.npmjs.org/yarn/-/yarn-1.22.15.tgz"
  "version" "1.22.15"
